
Microsoft Visual Studio Solution File, Format Version 12.00
# Visual Studio Version 16
VisualStudioVersion = 16.0.31105.61
MinimumVisualStudioVersion = 10.0.40219.1
Project("{9A19103F-16F7-4668-BE54-9A1E7A4F7556}") = "CrudOperations", "CrudOperations.csproj", "{D150EFB2-1F88-4854-9FDD-C637F346C245}"
EndProject
Global
	GlobalSection(SolutionConfigurationPlatforms) = preSolution
		Debug|Any CPU = Debug|Any CPU
		Release|Any CPU = Release|Any CPU
	EndGlobalSection
	GlobalSection(ProjectConfigurationPlatforms) = postSolution
		{D150EFB2-1F88-4854-9FDD-C637F346C245}.Debug|Any CPU.ActiveCfg = Debug|Any CPU
		{D150EFB2-1F88-4854-9FDD-C637F346C245}.Debug|Any CPU.Build.0 = Debug|Any CPU
		{D150EFB2-1F88-4854-9FDD-C637F346C245}.Release|Any CPU.ActiveCfg = Release|Any CPU
		{D150EFB2-1F88-4854-9FDD-C637F346C245}.Release|Any CPU.Build.0 = Release|Any CPU
	EndGlobalSection
	GlobalSection(SolutionProperties) = preSolution
		HideSolutionNode = FALSE
	EndGlobalSection
	GlobalSection(ExtensibilityGlobals) = postSolution
		SolutionGuid = {02662061-5BA0-4EC1-9F56-28119CF913FF}
	EndGlobalSection
EndGlobal
